
Microsoft Visual Studio Solution File, Format Version 12.00
# Visual Studio Version 17
VisualStudioVersion = 17.10.34916.146
MinimumVisualStudioVersion = 10.0.40219.1
Project("{FAE04EC0-301F-11D3-BF4B-00C04F79EFBC}") = "prefeitura", "prefeitura\prefeitura.csproj", "{98387944-0D08-4B05-8613-0294521D23CE}"
EndProject
Global
	GlobalSection(SolutionConfigurationPlatforms) = preSolution
		Debug|Any CPU = Debug|Any CPU
		Release|Any CPU = Release|Any CPU
	EndGlobalSection
	GlobalSection(ProjectConfigurationPlatforms) = postSolution
		{98387944-0D08-4B05-8613-0294521D23CE}.Debug|Any CPU.ActiveCfg = Debug|Any CPU
		{98387944-0D08-4B05-8613-0294521D23CE}.Debug|Any CPU.Build.0 = Debug|Any CPU
		{98387944-0D08-4B05-8613-0294521D23CE}.Release|Any CPU.ActiveCfg = Release|Any CPU
		{98387944-0D08-4B05-8613-0294521D23CE}.Release|Any CPU.Build.0 = Release|Any CPU
	EndGlobalSection
	GlobalSection(SolutionProperties) = preSolution
		HideSolutionNode = FALSE
	EndGlobalSection
	GlobalSection(ExtensibilityGlobals) = postSolution
		SolutionGuid = {134376D7-3D97-4B9B-A340-BC3787F63E8F}
	EndGlobalSection
EndGlobal
